PODS:
  - AFNetworking (3.1.0):
    - AFNetworking/NSURLSession (= 3.1.0)
    - AFNetworking/Reachability (= 3.1.0)
    - AFNetworking/Security (= 3.1.0)
    - AFNetworking/Serialization (= 3.1.0)
    - AFNetworking/UIKit (= 3.1.0)
  - AFNetworking/NSURLSession (3.1.0):
    - AFNetworking/Reachability
    - AFNetworking/Security
    - AFNetworking/Serialization
  - AFNetworking/Reachability (3.1.0)
  - AFNetworking/Security (3.1.0)
  - AFNetworking/Serialization (3.1.0)
  - AFNetworking/UIKit (3.1.0):
    - AFNetworking/NSURLSession
  - Alamofire (4.5.0)
  - FLEX (2.4.0)
  - iCarousel (1.8.2)
  - Kingfisher (3.10.3)
  - Masonry (1.0.1)
  - MJExtension (3.0.10)
  - MJRefresh (3.1.9)
  - MOBFoundation (2.2.19)
  - Onboard (2.3.1)
  - Realm (1.0.1):
    - Realm/Headers (= 1.0.1)
  - Realm/Headers (1.0.1)
  - ShareSDK3 (3.6.3):
    - MOBFoundation
    - ShareSDK3/ShareSDK (= 3.6.3)
  - ShareSDK3/ShareSDK (3.6.3):
    - MOBFoundation
  - ShareSDK3/ShareSDKExtension (3.6.3):
    - MOBFoundation
  - ShareSDK3/ShareSDKPlatforms/WeChat (3.6.3):
    - MOBFoundation
  - ShareSDK3/ShareSDKUI (3.6.3):
    - MOBFoundation
  - SVProgressHUD (2.0.3)
  - SwiftyJSON (3.1.4)
  - YJWebViewHolder (1.2.0):
    - YJWebViewHolder/YJEasyAlert (= 1.2.0)
  - YJWebViewHolder/YJEasyAlert (1.2.0)
  - YYCache (1.0.3)
  - YYCategories (1.0.3):
    - YYCategories/no-arc (= 1.0.3)
  - YYCategories/no-arc (1.0.3)
  - YYImage (1.0.2):
    - YYImage/Core (= 1.0.2)
  - YYImage/Core (1.0.2)
  - YYKeyboardManager (1.0.1)
  - YYText (1.0.5)
  - YYWebImage (1.0.4):
    - YYCache
    - YYImage

DEPENDENCIES:
  - AFNetworking (~> 3.1.0)
  - Alamofire
  - FLEX (~> 2.0)
  - iCarousel (~> 1.8.2)
  - Kingfisher
  - Masonry (~> 1.0.1)
  - MJExtension (~> 3.0.10)
  - MJRefresh (~> 3.1.9)
  - MOBFoundation
  - Onboard
  - Realm
  - ShareSDK3
  - ShareSDK3/ShareSDKExtension
  - ShareSDK3/ShareSDKPlatforms/WeChat
  - ShareSDK3/ShareSDKUI
  - SVProgressHUD (~> 2.0.3)
  - SwiftyJSON
  - YJWebViewHolder
  - YYCategories (~> 1.0.3)
  - YYKeyboardManager (~> 1.0.1)
  - YYText (~> 1.0.5)
  - YYWebImage (~> 1.0.4)

SPEC CHECKSUMS:
  AFNetworking: 5e0e199f73d8626b11e79750991f5d173d1f8b67
  Alamofire: f28cdffd29de33a7bfa022cbd63ae95a27fae140
  FLEX: bd1a39e55b56bb413b6f1b34b3c10a0dc44ef079
  iCarousel: 67c8a43da5a46795b56aadfc96cd36a16f6149b2
  Kingfisher: a0ac82dc5bcf0388dd74b294cf2cc13730c63436
  Masonry: a1a931a0d08870ed8ae415a2ea5ea68ebcac77df
  MJExtension: d86aacb740c87519d20e3cca55b6fa4be6cc7548
  MJRefresh: c5f1f1653e5a1b932c90f78074f2bc86f3f9bd5e
  MOBFoundation: e962b2aee79e2b8f626e2d30c2f23e9f13e5331e
  Onboard: b6871f25ac753175b2ab9a362fb2feb26a81a311
  Realm: 2e15e39d35b08abb529e212ed5d8af107b5236c8
  ShareSDK3: d271520113160eb24b31cd642b45b38fcd592d93
  SVProgressHUD: b0830714205bea1317ea1a2ebc71e5633af334d4
  SwiftyJSON: c2842d878f95482ffceec5709abc3d05680c0220
  YJWebViewHolder: e19bd16466bfd28aeebe3758eb145fb2bca60971
  YYCache: 282f35b5b0990833d0b7a06d864a87141a021da2
  YYCategories: 0fd4d9eb0994d8d0e355beb4081c8f7202a82b7b
  YYImage: 2cc79ed49b9549b71c6715cefe7b0f5ab3d33abf
  YYKeyboardManager: ff53d2e80d1808567a7f004028bd200d9469a89f
  YYText: ac09660c9ccd9b817f409a20caa6f5587444d2ae
  YYWebImage: 0431ed108e104527669b86f75efd58958425cca2

PODFILE CHECKSUM: e5725502ad086f4738d7720be31e78a6cad0ed94

COCOAPODS: 1.2.1
